
Microsoft Visual Studio Solution File, Format Version 12.00
# Visual Studio Version 17
VisualStudioVersion = 17.2.32602.215
MinimumVisualStudioVersion = 10.0.40219.1
Project("{FAE04EC0-301F-11D3-BF4B-00C04F79EFBC}") = "Zadanie5.2", "Zadanie5.2\Zadanie5.2.csproj", "{42E84499-9F1B-4595-A6B4-05568CDAC7F9}"
EndProject
Global
	GlobalSection(SolutionConfigurationPlatforms) = preSolution
		Debug|Any CPU = Debug|Any CPU
		Release|Any CPU = Release|Any CPU
	EndGlobalSection
	GlobalSection(ProjectConfigurationPlatforms) = postSolution
		{42E84499-9F1B-4595-A6B4-05568CDAC7F9}.Debug|Any CPU.ActiveCfg = Debug|Any CPU
		{42E84499-9F1B-4595-A6B4-05568CDAC7F9}.Debug|Any CPU.Build.0 = Debug|Any CPU
		{42E84499-9F1B-4595-A6B4-05568CDAC7F9}.Release|Any CPU.ActiveCfg = Release|Any CPU
		{42E84499-9F1B-4595-A6B4-05568CDAC7F9}.Release|Any CPU.Build.0 = Release|Any CPU
	EndGlobalSection
	GlobalSection(SolutionProperties) = preSolution
		HideSolutionNode = FALSE
	EndGlobalSection
	GlobalSection(ExtensibilityGlobals) = postSolution
		SolutionGuid = {D2D50C0B-A896-41EE-9DEE-5E64523D51E3}
	EndGlobalSection
EndGlobal
